
Microsoft Visual Studio Solution File, Format Version 12.00
# Visual Studio 2013
VisualStudioVersion = 12.0.31101.0
MinimumVisualStudioVersion = 10.0.40219.1
Project("{FAE04EC0-301F-11D3-BF4B-00C04F79EFBC}") = "Flexpod.powershell", "Flexpod.powershell\Flexpod.powershell.csproj", "{D0057C9F-2B1E-4F4A-9F62-48CEB93D17E2}"
EndProject
Project("{FAE04EC0-301F-11D3-BF4B-00C04F79EFBC}") = "Flexpod.MVC", "Flexpod.MVC\Flexpod.MVC.csproj", "{68DC9C65-88A7-4853-9F6C-91467A085297}"
EndProject
Global
	GlobalSection(SolutionConfigurationPlatforms) = preSolution
		Debug|Any CPU = Debug|Any CPU
		Release|Any CPU = Release|Any CPU
	EndGlobalSection
	GlobalSection(ProjectConfigurationPlatforms) = postSolution
		{D0057C9F-2B1E-4F4A-9F62-48CEB93D17E2}.Debug|Any CPU.ActiveCfg = Debug|Any CPU
		{D0057C9F-2B1E-4F4A-9F62-48CEB93D17E2}.Debug|Any CPU.Build.0 = Debug|Any CPU
		{D0057C9F-2B1E-4F4A-9F62-48CEB93D17E2}.Release|Any CPU.ActiveCfg = Release|Any CPU
		{D0057C9F-2B1E-4F4A-9F62-48CEB93D17E2}.Release|Any CPU.Build.0 = Release|Any CPU
		{68DC9C65-88A7-4853-9F6C-91467A085297}.Debug|Any CPU.ActiveCfg = Debug|Any CPU
		{68DC9C65-88A7-4853-9F6C-91467A085297}.Debug|Any CPU.Build.0 = Debug|Any CPU
		{68DC9C65-88A7-4853-9F6C-91467A085297}.Release|Any CPU.ActiveCfg = Release|Any CPU
		{68DC9C65-88A7-4853-9F6C-91467A085297}.Release|Any CPU.Build.0 = Release|Any CPU
	EndGlobalSection
	GlobalSection(SolutionProperties) = preSolution
		HideSolutionNode = FALSE
	EndGlobalSection
EndGlobal
